
Microsoft Visual Studio Solution File, Format Version 11.00
# Visual Studio 2010
Project("{FAE04EC0-301F-11D3-BF4B-00C04F79EFBC}") = "DevProductivity.DataTools", "DevProductivity.DataTools\DevProductivity.DataTools.csproj", "{0DC91B69-BE2F-4C8F-A1E2-6FBE3DF75791}"
EndProject
Project("{FAE04EC0-301F-11D3-BF4B-00C04F79EFBC}") = "DevProductivity.Tests", "DevProductivity.Tests\DevProductivity.Tests.csproj", "{3949FE40-B789-4A0A-AB18-F029725A651B}"
EndProject
Project("{2150E333-8FDC-42A3-9474-1A3956D46DE8}") = ".nuget", ".nuget", "{B7FD0E16-8519-4652-98C6-8D2209498B86}"
	ProjectSection(SolutionItems) = preProject
		.nuget\NuGet.Config = .nuget\NuGet.Config
		.nuget\NuGet.exe = .nuget\NuGet.exe
		.nuget\NuGet.targets = .nuget\NuGet.targets
	EndProjectSection
EndProject
Global
	GlobalSection(SolutionConfigurationPlatforms) = preSolution
		Debug|Any CPU = Debug|Any CPU
		Release|Any CPU = Release|Any CPU
	EndGlobalSection
	GlobalSection(ProjectConfigurationPlatforms) = postSolution
		{0DC91B69-BE2F-4C8F-A1E2-6FBE3DF75791}.Debug|Any CPU.ActiveCfg = Debug|Any CPU
		{0DC91B69-BE2F-4C8F-A1E2-6FBE3DF75791}.Debug|Any CPU.Build.0 = Debug|Any CPU
		{0DC91B69-BE2F-4C8F-A1E2-6FBE3DF75791}.Release|Any CPU.ActiveCfg = Release|Any CPU
		{0DC91B69-BE2F-4C8F-A1E2-6FBE3DF75791}.Release|Any CPU.Build.0 = Release|Any CPU
		{3949FE40-B789-4A0A-AB18-F029725A651B}.Debug|Any CPU.ActiveCfg = Debug|Any CPU
		{3949FE40-B789-4A0A-AB18-F029725A651B}.Debug|Any CPU.Build.0 = Debug|Any CPU
		{3949FE40-B789-4A0A-AB18-F029725A651B}.Release|Any CPU.ActiveCfg = Release|Any CPU
		{3949FE40-B789-4A0A-AB18-F029725A651B}.Release|Any CPU.Build.0 = Release|Any CPU
	EndGlobalSection
	GlobalSection(SolutionProperties) = preSolution
		HideSolutionNode = FALSE
	EndGlobalSection
EndGlobal
